
Microsoft Visual Studio Solution File, Format Version 11.00
# Visual Studio 2010
Project("{FAE04EC0-301F-11D3-BF4B-00C04F79EFBC}") = "ocsbincodec", "ocsbincodec\ocsbincodec.csproj", "{1680CE9B-B4D9-4500-A569-23008BB9190C}"
EndProject
Project("{FAE04EC0-301F-11D3-BF4B-00C04F79EFBC}") = "ocsbincodec-test", "ocsbincodec-test\ocsbincodec-test.csproj", "{E0386EB9-616A-4D93-99D2-36B3D7C8DC9E}"
EndProject
Global
	GlobalSection(SolutionConfigurationPlatforms) = preSolution
		Debug|Any CPU = Debug|Any CPU
		Release|Any CPU = Release|Any CPU
	EndGlobalSection
	GlobalSection(ProjectConfigurationPlatforms) = postSolution
		{1680CE9B-B4D9-4500-A569-23008BB9190C}.Debug|Any CPU.ActiveCfg = Debug|Any CPU
		{1680CE9B-B4D9-4500-A569-23008BB9190C}.Debug|Any CPU.Build.0 = Debug|Any CPU
		{1680CE9B-B4D9-4500-A569-23008BB9190C}.Release|Any CPU.ActiveCfg = Release|Any CPU
		{1680CE9B-B4D9-4500-A569-23008BB9190C}.Release|Any CPU.Build.0 = Release|Any CPU
		{E0386EB9-616A-4D93-99D2-36B3D7C8DC9E}.Debug|Any CPU.ActiveCfg = Debug|Any CPU
		{E0386EB9-616A-4D93-99D2-36B3D7C8DC9E}.Debug|Any CPU.Build.0 = Debug|Any CPU
		{E0386EB9-616A-4D93-99D2-36B3D7C8DC9E}.Release|Any CPU.ActiveCfg = Release|Any CPU
		{E0386EB9-616A-4D93-99D2-36B3D7C8DC9E}.Release|Any CPU.Build.0 = Release|Any CPU
	EndGlobalSection
	GlobalSection(MonoDevelopProperties) = preSolution
		StartupItem = ocsbincodec\ocsbincodec.csproj
	EndGlobalSection
EndGlobal
